
Microsoft Visual Studio Solution File, Format Version 12.00
# Visual Studio Version 17
VisualStudioVersion = 17.9.34728.123
MinimumVisualStudioVersion = 10.0.40219.1
Project("{9A19103F-16F7-4668-BE54-9A1E7A4F7556}") = "AM.UI.Console", "AM.UI.Console\AM.UI.Console.csproj", "{A828FB24-D8F4-4CDD-99AA-1FA94E8038FA}"
EndProject
Project("{9A19103F-16F7-4668-BE54-9A1E7A4F7556}") = "AM.ApplicationCore", "AM.ApplicationCore\AM.ApplicationCore.csproj", "{7BED0739-AEE2-44D5-AB50-F5A93BC585E6}"
EndProject
Project("{FAE04EC0-301F-11D3-BF4B-00C04F79EFBC}") = "AM.Infrastructure", "AM.Infrastructure\AM.Infrastructure.csproj", "{6B59C743-9F6E-45A0-8E31-F5417A04F83F}"
EndProject
Global
	GlobalSection(SolutionConfigurationPlatforms) = preSolution
		Debug|Any CPU = Debug|Any CPU
		Release|Any CPU = Release|Any CPU
	EndGlobalSection
	GlobalSection(ProjectConfigurationPlatforms) = postSolution
		{A828FB24-D8F4-4CDD-99AA-1FA94E8038FA}.Debug|Any CPU.ActiveCfg = Debug|Any CPU
		{A828FB24-D8F4-4CDD-99AA-1FA94E8038FA}.Debug|Any CPU.Build.0 = Debug|Any CPU
		{A828FB24-D8F4-4CDD-99AA-1FA94E8038FA}.Release|Any CPU.ActiveCfg = Release|Any CPU
		{A828FB24-D8F4-4CDD-99AA-1FA94E8038FA}.Release|Any CPU.Build.0 = Release|Any CPU
		{7BED0739-AEE2-44D5-AB50-F5A93BC585E6}.Debug|Any CPU.ActiveCfg = Debug|Any CPU
		{7BED0739-AEE2-44D5-AB50-F5A93BC585E6}.Debug|Any CPU.Build.0 = Debug|Any CPU
		{7BED0739-AEE2-44D5-AB50-F5A93BC585E6}.Release|Any CPU.ActiveCfg = Release|Any CPU
		{7BED0739-AEE2-44D5-AB50-F5A93BC585E6}.Release|Any CPU.Build.0 = Release|Any CPU
		{6B59C743-9F6E-45A0-8E31-F5417A04F83F}.Debug|Any CPU.ActiveCfg = Debug|Any CPU
		{6B59C743-9F6E-45A0-8E31-F5417A04F83F}.Debug|Any CPU.Build.0 = Debug|Any CPU
		{6B59C743-9F6E-45A0-8E31-F5417A04F83F}.Release|Any CPU.ActiveCfg = Release|Any CPU
		{6B59C743-9F6E-45A0-8E31-F5417A04F83F}.Release|Any CPU.Build.0 = Release|Any CPU
	EndGlobalSection
	GlobalSection(SolutionProperties) = preSolution
		HideSolutionNode = FALSE
	EndGlobalSection
	GlobalSection(ExtensibilityGlobals) = postSolution
		SolutionGuid = {61FB2322-C3F5-4930-872A-05C5D6114A50}
	EndGlobalSection
EndGlobal
